
Microsoft Visual Studio Solution File, Format Version 12.00
# Visual Studio Version 17
VisualStudioVersion = 17.0.31423.177
MinimumVisualStudioVersion = 10.0.40219.1
Project("{2150E333-8FDC-42A3-9474-1A3956D46DE8}") = "example", "example", "{5836AD39-6293-4CFE-AD7D-298C167973DB}"
EndProject
Project("{2150E333-8FDC-42A3-9474-1A3956D46DE8}") = "src", "src", "{91F059E6-7AD3-4FB7-9604-30A7849C6EFF}"
EndProject
Project("{FAE04EC0-301F-11D3-BF4B-00C04F79EFBC}") = "AutoUpdate.ConsoleApp", "AutoUpdate.ConsoleApp\AutoUpdate.ConsoleApp.csproj", "{CFEACF8E-6EB6-4D1E-9729-FD939198CA34}"
EndProject
Project("{9A19103F-16F7-4668-BE54-9A1E7A4F7556}") = "GeneralUpdate.Core", "GeneralUpdate.Core\GeneralUpdate.Core.csproj", "{35BFF228-5EE4-49A6-B721-FB0122E967A0}"
EndProject
Project("{FAE04EC0-301F-11D3-BF4B-00C04F79EFBC}") = "GeneralUpdate.Single", "GeneralUpdate.Single\GeneralUpdate.Single.csproj", "{57300FDD-58E9-489E-BF2E-C69A87938845}"
EndProject
Project("{FAE04EC0-301F-11D3-BF4B-00C04F79EFBC}") = "UnitTest", "UnitTest\UnitTest.csproj", "{1ED3A471-EA2A-425D-8BE0-C5E404B29810}"
EndProject
Project("{9A19103F-16F7-4668-BE54-9A1E7A4F7556}") = "GeneralUpdate.Zip", "GeneralUpdate.Zip\GeneralUpdate.Zip.csproj", "{D94882E1-55A7-4787-B049-265F52DC576E}"
EndProject
Project("{9A19103F-16F7-4668-BE54-9A1E7A4F7556}") = "GeneralUpdate.AspNetCore", "GeneralUpdate.AspNetCore\GeneralUpdate.AspNetCore.csproj", "{7D529953-3846-485F-AC71-3EEACB9161EC}"
EndProject
Project("{9A19103F-16F7-4668-BE54-9A1E7A4F7556}") = "GeneralUpdate.ClientCore", "GeneralUpdate.ClientCore\GeneralUpdate.ClientCore.csproj", "{BAEFF926-6B2C-46F1-BB73-AA2AB1355565}"
EndProject
Project("{9A19103F-16F7-4668-BE54-9A1E7A4F7556}") = "GeneralUpdate.Common", "GeneralUpdate.Common\GeneralUpdate.Common.csproj", "{7ABB2DDF-7033-4584-8180-25F5340E26C0}"
EndProject
Project("{9A19103F-16F7-4668-BE54-9A1E7A4F7556}") = "AutoUpdate.Test", "AutoUpdate.Test\AutoUpdate.Test.csproj", "{9FE9DC65-F45E-43C1-A62A-02ADD096EB1C}"
EndProject
Project("{FAE04EC0-301F-11D3-BF4B-00C04F79EFBC}") = "AutoUpdate.WpfApp", "AutoUpdate.WpfApp\AutoUpdate.WpfApp.csproj", "{D5277E30-C3F3-4C13-99A7-8F6FB0EF0A64}"
EndProject
Project("{9A19103F-16F7-4668-BE54-9A1E7A4F7556}") = "AutoUpdate.WpfApp-Net6", "AutoUpdate.WpfApp-Net6\AutoUpdate.WpfApp-Net6.csproj", "{499A8CAF-6B84-4910-8A1A-F4A51E2FEBC7}"
EndProject
Project("{9A19103F-16F7-4668-BE54-9A1E7A4F7556}") = "AutoUpdate.MauiApp-Sample", "AutoUpdate.MauiApp-Sample\AutoUpdate.MauiApp-Sample.csproj", "{7BD1F132-7461-4992-964A-61B492C1BE44}"
EndProject
Project("{FAE04EC0-301F-11D3-BF4B-00C04F79EFBC}") = "AutoUpdate.MinimalService", "AutoUpdate.MinimalService\AutoUpdate.MinimalService.csproj", "{43695C1B-35CA-466A-B443-B83F6951E50F}"
EndProject
Global
	GlobalSection(SolutionConfigurationPlatforms) = preSolution
		Debug|Any CPU = Debug|Any CPU
		Release|Any CPU = Release|Any CPU
	EndGlobalSection
	GlobalSection(ProjectConfigurationPlatforms) = postSolution
		{CFEACF8E-6EB6-4D1E-9729-FD939198CA34}.Debug|Any CPU.ActiveCfg = Debug|Any CPU
		{CFEACF8E-6EB6-4D1E-9729-FD939198CA34}.Debug|Any CPU.Build.0 = Debug|Any CPU
		{CFEACF8E-6EB6-4D1E-9729-FD939198CA34}.Release|Any CPU.ActiveCfg = Release|Any CPU
		{CFEACF8E-6EB6-4D1E-9729-FD939198CA34}.Release|Any CPU.Build.0 = Release|Any CPU
		{35BFF228-5EE4-49A6-B721-FB0122E967A0}.Debug|Any CPU.ActiveCfg = Debug|Any CPU
		{35BFF228-5EE4-49A6-B721-FB0122E967A0}.Debug|Any CPU.Build.0 = Debug|Any CPU
		{35BFF228-5EE4-49A6-B721-FB0122E967A0}.Release|Any CPU.ActiveCfg = Release|Any CPU
		{35BFF228-5EE4-49A6-B721-FB0122E967A0}.Release|Any CPU.Build.0 = Release|Any CPU
		{57300FDD-58E9-489E-BF2E-C69A87938845}.Debug|Any CPU.ActiveCfg = Debug|Any CPU
		{57300FDD-58E9-489E-BF2E-C69A87938845}.Debug|Any CPU.Build.0 = Debug|Any CPU
		{57300FDD-58E9-489E-BF2E-C69A87938845}.Release|Any CPU.ActiveCfg = Release|Any CPU
		{57300FDD-58E9-489E-BF2E-C69A87938845}.Release|Any CPU.Build.0 = Release|Any CPU
		{1ED3A471-EA2A-425D-8BE0-C5E404B29810}.Debug|Any CPU.ActiveCfg = Debug|Any CPU
		{1ED3A471-EA2A-425D-8BE0-C5E404B29810}.Debug|Any CPU.Build.0 = Debug|Any CPU
		{1ED3A471-EA2A-425D-8BE0-C5E404B29810}.Release|Any CPU.ActiveCfg = Release|Any CPU
		{1ED3A471-EA2A-425D-8BE0-C5E404B29810}.Release|Any CPU.Build.0 = Release|Any CPU
		{D94882E1-55A7-4787-B049-265F52DC576E}.Debug|Any CPU.ActiveCfg = Debug|Any CPU
		{D94882E1-55A7-4787-B049-265F52DC576E}.Debug|Any CPU.Build.0 = Debug|Any CPU
		{D94882E1-55A7-4787-B049-265F52DC576E}.Release|Any CPU.ActiveCfg = Release|Any CPU
		{D94882E1-55A7-4787-B049-265F52DC576E}.Release|Any CPU.Build.0 = Release|Any CPU
		{7D529953-3846-485F-AC71-3EEACB9161EC}.Debug|Any CPU.ActiveCfg = Debug|Any CPU
		{7D529953-3846-485F-AC71-3EEACB9161EC}.Debug|Any CPU.Build.0 = Debug|Any CPU
		{7D529953-3846-485F-AC71-3EEACB9161EC}.Release|Any CPU.ActiveCfg = Release|Any CPU
		{7D529953-3846-485F-AC71-3EEACB9161EC}.Release|Any CPU.Build.0 = Release|Any CPU
		{BAEFF926-6B2C-46F1-BB73-AA2AB1355565}.Debug|Any CPU.ActiveCfg = Debug|Any CPU
		{BAEFF926-6B2C-46F1-BB73-AA2AB1355565}.Debug|Any CPU.Build.0 = Debug|Any CPU
		{BAEFF926-6B2C-46F1-BB73-AA2AB1355565}.Release|Any CPU.ActiveCfg = Release|Any CPU
		{BAEFF926-6B2C-46F1-BB73-AA2AB1355565}.Release|Any CPU.Build.0 = Release|Any CPU
		{7ABB2DDF-7033-4584-8180-25F5340E26C0}.Debug|Any CPU.ActiveCfg = Debug|Any CPU
		{7ABB2DDF-7033-4584-8180-25F5340E26C0}.Debug|Any CPU.Build.0 = Debug|Any CPU
		{7ABB2DDF-7033-4584-8180-25F5340E26C0}.Release|Any CPU.ActiveCfg = Release|Any CPU
		{7ABB2DDF-7033-4584-8180-25F5340E26C0}.Release|Any CPU.Build.0 = Release|Any CPU
		{9FE9DC65-F45E-43C1-A62A-02ADD096EB1C}.Debug|Any CPU.ActiveCfg = Debug|Any CPU
		{9FE9DC65-F45E-43C1-A62A-02ADD096EB1C}.Debug|Any CPU.Build.0 = Debug|Any CPU
		{9FE9DC65-F45E-43C1-A62A-02ADD096EB1C}.Release|Any CPU.ActiveCfg = Release|Any CPU
		{9FE9DC65-F45E-43C1-A62A-02ADD096EB1C}.Release|Any CPU.Build.0 = Release|Any CPU
		{D5277E30-C3F3-4C13-99A7-8F6FB0EF0A64}.Debug|Any CPU.ActiveCfg = Debug|Any CPU
		{D5277E30-C3F3-4C13-99A7-8F6FB0EF0A64}.Debug|Any CPU.Build.0 = Debug|Any CPU
		{D5277E30-C3F3-4C13-99A7-8F6FB0EF0A64}.Release|Any CPU.ActiveCfg = Release|Any CPU
		{D5277E30-C3F3-4C13-99A7-8F6FB0EF0A64}.Release|Any CPU.Build.0 = Release|Any CPU
		{499A8CAF-6B84-4910-8A1A-F4A51E2FEBC7}.Debug|Any CPU.ActiveCfg = Debug|Any CPU
		{499A8CAF-6B84-4910-8A1A-F4A51E2FEBC7}.Debug|Any CPU.Build.0 = Debug|Any CPU
		{499A8CAF-6B84-4910-8A1A-F4A51E2FEBC7}.Release|Any CPU.ActiveCfg = Release|Any CPU
		{499A8CAF-6B84-4910-8A1A-F4A51E2FEBC7}.Release|Any CPU.Build.0 = Release|Any CPU
		{7BD1F132-7461-4992-964A-61B492C1BE44}.Debug|Any CPU.ActiveCfg = Debug|Any CPU
		{7BD1F132-7461-4992-964A-61B492C1BE44}.Debug|Any CPU.Build.0 = Debug|Any CPU
		{7BD1F132-7461-4992-964A-61B492C1BE44}.Debug|Any CPU.Deploy.0 = Debug|Any CPU
		{7BD1F132-7461-4992-964A-61B492C1BE44}.Release|Any CPU.ActiveCfg = Release|Any CPU
		{7BD1F132-7461-4992-964A-61B492C1BE44}.Release|Any CPU.Build.0 = Release|Any CPU
		{43695C1B-35CA-466A-B443-B83F6951E50F}.Debug|Any CPU.ActiveCfg = Debug|Any CPU
		{43695C1B-35CA-466A-B443-B83F6951E50F}.Debug|Any CPU.Build.0 = Debug|Any CPU
		{43695C1B-35CA-466A-B443-B83F6951E50F}.Release|Any CPU.ActiveCfg = Release|Any CPU
		{43695C1B-35CA-466A-B443-B83F6951E50F}.Release|Any CPU.Build.0 = Release|Any CPU
	EndGlobalSection
	GlobalSection(SolutionProperties) = preSolution
		HideSolutionNode = FALSE
	EndGlobalSection
	GlobalSection(NestedProjects) = preSolution
		{CFEACF8E-6EB6-4D1E-9729-FD939198CA34} = {5836AD39-6293-4CFE-AD7D-298C167973DB}
		{35BFF228-5EE4-49A6-B721-FB0122E967A0} = {91F059E6-7AD3-4FB7-9604-30A7849C6EFF}
		{57300FDD-58E9-489E-BF2E-C69A87938845} = {91F059E6-7AD3-4FB7-9604-30A7849C6EFF}
		{D94882E1-55A7-4787-B049-265F52DC576E} = {91F059E6-7AD3-4FB7-9604-30A7849C6EFF}
		{7D529953-3846-485F-AC71-3EEACB9161EC} = {91F059E6-7AD3-4FB7-9604-30A7849C6EFF}
		{BAEFF926-6B2C-46F1-BB73-AA2AB1355565} = {91F059E6-7AD3-4FB7-9604-30A7849C6EFF}
		{7ABB2DDF-7033-4584-8180-25F5340E26C0} = {91F059E6-7AD3-4FB7-9604-30A7849C6EFF}
		{9FE9DC65-F45E-43C1-A62A-02ADD096EB1C} = {5836AD39-6293-4CFE-AD7D-298C167973DB}
		{D5277E30-C3F3-4C13-99A7-8F6FB0EF0A64} = {5836AD39-6293-4CFE-AD7D-298C167973DB}
		{499A8CAF-6B84-4910-8A1A-F4A51E2FEBC7} = {5836AD39-6293-4CFE-AD7D-298C167973DB}
		{7BD1F132-7461-4992-964A-61B492C1BE44} = {5836AD39-6293-4CFE-AD7D-298C167973DB}
		{43695C1B-35CA-466A-B443-B83F6951E50F} = {5836AD39-6293-4CFE-AD7D-298C167973DB}
	EndGlobalSection
	GlobalSection(ExtensibilityGlobals) = postSolution
		SolutionGuid = {A7B2D0AD-E000-4749-BAC0-FF21B9872805}
	EndGlobalSection
EndGlobal
