
Microsoft Visual Studio Solution File, Format Version 12.00
# Visual Studio Version 17
VisualStudioVersion = 17.0.31423.177
MinimumVisualStudioVersion = 10.0.40219.1
Project("{2150E333-8FDC-42A3-9474-1A3956D46DE8}") = "src", "src", "{91F059E6-7AD3-4FB7-9604-30A7849C6EFF}"
EndProject
Project("{9A19103F-16F7-4668-BE54-9A1E7A4F7556}") = "GeneralUpdate.Core", "GeneralUpdate.Core\GeneralUpdate.Core.csproj", "{35BFF228-5EE4-49A6-B721-FB0122E967A0}"
EndProject
Project("{9A19103F-16F7-4668-BE54-9A1E7A4F7556}") = "GeneralUpdate.Zip", "GeneralUpdate.Zip\GeneralUpdate.Zip.csproj", "{D94882E1-55A7-4787-B049-265F52DC576E}"
EndProject
Project("{9A19103F-16F7-4668-BE54-9A1E7A4F7556}") = "GeneralUpdate.AspNetCore", "GeneralUpdate.AspNetCore\GeneralUpdate.AspNetCore.csproj", "{7D529953-3846-485F-AC71-3EEACB9161EC}"
EndProject
Project("{9A19103F-16F7-4668-BE54-9A1E7A4F7556}") = "GeneralUpdate.ClientCore", "GeneralUpdate.ClientCore\GeneralUpdate.ClientCore.csproj", "{BAEFF926-6B2C-46F1-BB73-AA2AB1355565}"
EndProject
Project("{9A19103F-16F7-4668-BE54-9A1E7A4F7556}") = "GeneralUpdate.Common", "GeneralUpdate.Common\GeneralUpdate.Common.csproj", "{7ABB2DDF-7033-4584-8180-25F5340E26C0}"
EndProject
Global
	GlobalSection(SolutionConfigurationPlatforms) = preSolution
		Debug|Any CPU = Debug|Any CPU
		Release|Any CPU = Release|Any CPU
	EndGlobalSection
	GlobalSection(ProjectConfigurationPlatforms) = postSolution
		{35BFF228-5EE4-49A6-B721-FB0122E967A0}.Debug|Any CPU.ActiveCfg = Debug|Any CPU
		{35BFF228-5EE4-49A6-B721-FB0122E967A0}.Debug|Any CPU.Build.0 = Debug|Any CPU
		{35BFF228-5EE4-49A6-B721-FB0122E967A0}.Release|Any CPU.ActiveCfg = Release|Any CPU
		{35BFF228-5EE4-49A6-B721-FB0122E967A0}.Release|Any CPU.Build.0 = Release|Any CPU
		{D94882E1-55A7-4787-B049-265F52DC576E}.Debug|Any CPU.ActiveCfg = Debug|Any CPU
		{D94882E1-55A7-4787-B049-265F52DC576E}.Debug|Any CPU.Build.0 = Debug|Any CPU
		{D94882E1-55A7-4787-B049-265F52DC576E}.Release|Any CPU.ActiveCfg = Release|Any CPU
		{D94882E1-55A7-4787-B049-265F52DC576E}.Release|Any CPU.Build.0 = Release|Any CPU
		{7D529953-3846-485F-AC71-3EEACB9161EC}.Debug|Any CPU.ActiveCfg = Debug|Any CPU
		{7D529953-3846-485F-AC71-3EEACB9161EC}.Debug|Any CPU.Build.0 = Debug|Any CPU
		{7D529953-3846-485F-AC71-3EEACB9161EC}.Release|Any CPU.ActiveCfg = Release|Any CPU
		{7D529953-3846-485F-AC71-3EEACB9161EC}.Release|Any CPU.Build.0 = Release|Any CPU
		{BAEFF926-6B2C-46F1-BB73-AA2AB1355565}.Debug|Any CPU.ActiveCfg = Debug|Any CPU
		{BAEFF926-6B2C-46F1-BB73-AA2AB1355565}.Debug|Any CPU.Build.0 = Debug|Any CPU
		{BAEFF926-6B2C-46F1-BB73-AA2AB1355565}.Release|Any CPU.ActiveCfg = Release|Any CPU
		{BAEFF926-6B2C-46F1-BB73-AA2AB1355565}.Release|Any CPU.Build.0 = Release|Any CPU
		{7ABB2DDF-7033-4584-8180-25F5340E26C0}.Debug|Any CPU.ActiveCfg = Debug|Any CPU
		{7ABB2DDF-7033-4584-8180-25F5340E26C0}.Debug|Any CPU.Build.0 = Debug|Any CPU
		{7ABB2DDF-7033-4584-8180-25F5340E26C0}.Release|Any CPU.ActiveCfg = Release|Any CPU
		{7ABB2DDF-7033-4584-8180-25F5340E26C0}.Release|Any CPU.Build.0 = Release|Any CPU
	EndGlobalSection
	GlobalSection(SolutionProperties) = preSolution
		HideSolutionNode = FALSE
	EndGlobalSection
	GlobalSection(NestedProjects) = preSolution
		{35BFF228-5EE4-49A6-B721-FB0122E967A0} = {91F059E6-7AD3-4FB7-9604-30A7849C6EFF}
		{D94882E1-55A7-4787-B049-265F52DC576E} = {91F059E6-7AD3-4FB7-9604-30A7849C6EFF}
		{7D529953-3846-485F-AC71-3EEACB9161EC} = {91F059E6-7AD3-4FB7-9604-30A7849C6EFF}
		{BAEFF926-6B2C-46F1-BB73-AA2AB1355565} = {91F059E6-7AD3-4FB7-9604-30A7849C6EFF}
		{7ABB2DDF-7033-4584-8180-25F5340E26C0} = {91F059E6-7AD3-4FB7-9604-30A7849C6EFF}
	EndGlobalSection
	GlobalSection(ExtensibilityGlobals) = postSolution
		SolutionGuid = {A7B2D0AD-E000-4749-BAC0-FF21B9872805}
	EndGlobalSection
EndGlobal
