
Microsoft Visual Studio Solution File, Format Version 12.00
# Visual Studio Version 16
VisualStudioVersion = 16.0.29324.140
MinimumVisualStudioVersion = 10.0.40219.1
Project("{2150E333-8FDC-42A3-9474-1A3956D46DE8}") = "example", "example", "{5836AD39-6293-4CFE-AD7D-298C167973DB}"
EndProject
Project("{2150E333-8FDC-42A3-9474-1A3956D46DE8}") = "src", "src", "{91F059E6-7AD3-4FB7-9604-30A7849C6EFF}"
EndProject
Project("{FAE04EC0-301F-11D3-BF4B-00C04F79EFBC}") = "AutoUpdate.ConsoleApp", "AutoUpdate.ConsoleApp\AutoUpdate.ConsoleApp.csproj", "{CFEACF8E-6EB6-4D1E-9729-FD939198CA34}"
EndProject
Project("{FAE04EC0-301F-11D3-BF4B-00C04F79EFBC}") = "AutoUpdate.WindowsFormsApp", "AutoUpdate.WindowsFormsApp\AutoUpdate.WindowsFormsApp.csproj", "{5E53D79F-2357-4DC2-9818-3ED5BE10C98C}"
EndProject
Project("{FAE04EC0-301F-11D3-BF4B-00C04F79EFBC}") = "AutoUpdate.WpfApp", "AutoUpdate.WpfApp\AutoUpdate.WpfApp.csproj", "{D5277E30-C3F3-4C13-99A7-8F6FB0EF0A64}"
EndProject
Project("{FAE04EC0-301F-11D3-BF4B-00C04F79EFBC}") = "GeneralUpdate.Core", "GeneralUpdate.Core\GeneralUpdate.Core.csproj", "{35BFF228-5EE4-49A6-B721-FB0122E967A0}"
EndProject
Project("{FAE04EC0-301F-11D3-BF4B-00C04F79EFBC}") = "GeneralUpdate.Single", "GeneralUpdate.Single\GeneralUpdate.Single.csproj", "{57300FDD-58E9-489E-BF2E-C69A87938845}"
EndProject
Global
	GlobalSection(SolutionConfigurationPlatforms) = preSolution
		Debug|Any CPU = Debug|Any CPU
		Release|Any CPU = Release|Any CPU
	EndGlobalSection
	GlobalSection(ProjectConfigurationPlatforms) = postSolution
		{CFEACF8E-6EB6-4D1E-9729-FD939198CA34}.Debug|Any CPU.ActiveCfg = Debug|Any CPU
		{CFEACF8E-6EB6-4D1E-9729-FD939198CA34}.Debug|Any CPU.Build.0 = Debug|Any CPU
		{CFEACF8E-6EB6-4D1E-9729-FD939198CA34}.Release|Any CPU.ActiveCfg = Release|Any CPU
		{CFEACF8E-6EB6-4D1E-9729-FD939198CA34}.Release|Any CPU.Build.0 = Release|Any CPU
		{5E53D79F-2357-4DC2-9818-3ED5BE10C98C}.Debug|Any CPU.ActiveCfg = Debug|Any CPU
		{5E53D79F-2357-4DC2-9818-3ED5BE10C98C}.Debug|Any CPU.Build.0 = Debug|Any CPU
		{5E53D79F-2357-4DC2-9818-3ED5BE10C98C}.Release|Any CPU.ActiveCfg = Release|Any CPU
		{5E53D79F-2357-4DC2-9818-3ED5BE10C98C}.Release|Any CPU.Build.0 = Release|Any CPU
		{D5277E30-C3F3-4C13-99A7-8F6FB0EF0A64}.Debug|Any CPU.ActiveCfg = Debug|Any CPU
		{D5277E30-C3F3-4C13-99A7-8F6FB0EF0A64}.Debug|Any CPU.Build.0 = Debug|Any CPU
		{D5277E30-C3F3-4C13-99A7-8F6FB0EF0A64}.Release|Any CPU.ActiveCfg = Release|Any CPU
		{D5277E30-C3F3-4C13-99A7-8F6FB0EF0A64}.Release|Any CPU.Build.0 = Release|Any CPU
		{35BFF228-5EE4-49A6-B721-FB0122E967A0}.Debug|Any CPU.ActiveCfg = Debug|Any CPU
		{35BFF228-5EE4-49A6-B721-FB0122E967A0}.Debug|Any CPU.Build.0 = Debug|Any CPU
		{35BFF228-5EE4-49A6-B721-FB0122E967A0}.Release|Any CPU.ActiveCfg = Release|Any CPU
		{35BFF228-5EE4-49A6-B721-FB0122E967A0}.Release|Any CPU.Build.0 = Release|Any CPU
		{57300FDD-58E9-489E-BF2E-C69A87938845}.Debug|Any CPU.ActiveCfg = Debug|Any CPU
		{57300FDD-58E9-489E-BF2E-C69A87938845}.Debug|Any CPU.Build.0 = Debug|Any CPU
		{57300FDD-58E9-489E-BF2E-C69A87938845}.Release|Any CPU.ActiveCfg = Release|Any CPU
		{57300FDD-58E9-489E-BF2E-C69A87938845}.Release|Any CPU.Build.0 = Release|Any CPU
	EndGlobalSection
	GlobalSection(SolutionProperties) = preSolution
		HideSolutionNode = FALSE
	EndGlobalSection
	GlobalSection(NestedProjects) = preSolution
		{CFEACF8E-6EB6-4D1E-9729-FD939198CA34} = {5836AD39-6293-4CFE-AD7D-298C167973DB}
		{5E53D79F-2357-4DC2-9818-3ED5BE10C98C} = {5836AD39-6293-4CFE-AD7D-298C167973DB}
		{D5277E30-C3F3-4C13-99A7-8F6FB0EF0A64} = {5836AD39-6293-4CFE-AD7D-298C167973DB}
		{35BFF228-5EE4-49A6-B721-FB0122E967A0} = {91F059E6-7AD3-4FB7-9604-30A7849C6EFF}
		{57300FDD-58E9-489E-BF2E-C69A87938845} = {91F059E6-7AD3-4FB7-9604-30A7849C6EFF}
	EndGlobalSection
	GlobalSection(ExtensibilityGlobals) = postSolution
		SolutionGuid = {A7B2D0AD-E000-4749-BAC0-FF21B9872805}
	EndGlobalSection
EndGlobal
